{
  "requires": true,
  "lockfileVersion": 1,
  "dependencies": {
    "boomerang-cache": {
      "version": "1.2.0",
      "resolved": "https://registry.npmjs.org/boomerang-cache/-/boomerang-cache-1.2.0.tgz",
      "integrity": "sha512-CPD9AGc50UNZ8BsarynrSd3PTI6FpypAeUNnAJ2l7ZaWdZaxm7mQLnGqdmiDHKzOxw+PiJV5fKqRKyzXojRdIA==",
      "requires": {
        "docdash": "^0.4.0"
      }
    },
    "docdash": {
      "version": "0.4.0",
      "resolved": "https://registry.npmjs.org/docdash/-/docdash-0.4.0.tgz",
      "integrity": "sha1-BcOlDYMYmYFpnuDAdtOjlQ237AA="
    },
    "webextension-polyfill": {
      "version": "0.6.0",
      "resolved": "https://registry.npmjs.org/webextension-polyfill/-/webextension-polyfill-0.6.0.tgz",
      "integrity": "sha512-PlYwiX8e4bNZrEeBFxbFFsLtm0SMPxJliLTGdNCA0Bq2XkWrAn2ejUd+89vZm+8BnfFB1BclJyCz3iKsm2atNg=="
    }
  }
}
